// !$*UTF8*$!
{
	archiveVersion = 1;
	classes = {
	};
	objectVersion = 46;
	objects = {

/* Begin PBXBuildFile section */
		5CFCF7891AAD203800B63FF2 /* OSTContactsAppDelegate.swift in Sources */ = {isa = PBXBuildFile; fileRef = 5CFCF7881AAD203800B63FF2 /* OSTContactsAppDelegate.swift */; };
		5CFCF78B1AAD203800B63FF2 /* OSTContactsViewController.swift in Sources */ = {isa = PBXBuildFile; fileRef = 5CFCF78A1AAD203800B63FF2 /* OSTContactsViewController.swift */; };
		5CFCF78E1AAD203800B63FF2 /* Main.storyboard in Resources */ = {isa = PBXBuildFile; fileRef = 5CFCF78C1AAD203800B63FF2 /* Main.storyboard */; };
		5CFCF7901AAD203800B63FF2 /* Images.xcassets in Resources */ = {isa = PBXBuildFile; fileRef = 5CFCF78F1AAD203800B63FF2 /* Images.xcassets */; };
		5CFCF7931AAD203800B63FF2 /* LaunchScreen.xib in Resources */ = {isa = PBXBuildFile; fileRef = 5CFCF7911AAD203800B63FF2 /* LaunchScreen.xib */; };
		5CFCF79F1AAD203800B63FF2 /* OSTRealmContactsTests.swift in Sources */ = {isa = PBXBuildFile; fileRef = 5CFCF79E1AAD203800B63FF2 /* OSTRealmContactsTests.swift */; };
/* End PBXBuildFile section */

/* Begin PBXContainerItemProxy section */
		5CFCF7991AAD203800B63FF2 /* PBXContainerItemProxy */ = {
			isa = PBXContainerItemProxy;
			containerPortal = 5CFCF77B1AAD203800B63FF2 /* Project object */;
			proxyType = 1;
			remoteGlobalIDString = 5CFCF7821AAD203800B63FF2;
			remoteInfo = OSTRealmContacts;
		};
		5CFCF81D1AAD23D100B63FF2 /* PBXContainerItemProxy */ = {
			isa = PBXContainerItemProxy;
			containerPortal = 5CFCF8161AAD23D100B63FF2 /* RHAddressBook.xcodeproj */;
			proxyType = 2;
			remoteGlobalIDString = 13C9D500146C5A8600327D15;
			remoteInfo = RHAddressBook;
		};
		5CFCF81F1AAD23D100B63FF2 /* PBXContainerItemProxy */ = {
			isa = PBXContainerItemProxy;
			containerPortal = 5CFCF8161AAD23D100B63FF2 /* RHAddressBook.xcodeproj */;
			proxyType = 2;
			remoteGlobalIDString = 13D15189193E7688003B0F45;
			remoteInfo = RHAddressBook.framework;
		};
		5CFCF8211AAD23D100B63FF2 /* PBXContainerItemProxy */ = {
			isa = PBXContainerItemProxy;
			containerPortal = 5CFCF8161AAD23D100B63FF2 /* RHAddressBook.xcodeproj */;
			proxyType = 2;
			remoteGlobalIDString = 133DF0A81470F273005330C7;
			remoteInfo = RHAddressBookTester;
		};
		5CFCF8231AAD23D100B63FF2 /* PBXContainerItemProxy */ = {
			isa = PBXContainerItemProxy;
			containerPortal = 5CFCF8161AAD23D100B63FF2 /* RHAddressBook.xcodeproj */;
			proxyType = 2;
			remoteGlobalIDString = 133DF0931470EE36005330C7;
			remoteInfo = RHAddressBookLogicTests;
		};
/* End PBXContainerItemProxy section */

/* Begin PBXFileReference section */
		5CFCF7831AAD203800B63FF2 /* OSTRealmContacts.app */ = {isa = PBXFileReference; explicitFileType = wrapper.application; includeInIndex = 0; path = OSTRealmContacts.app; sourceTree = BUILT_PRODUCTS_DIR; };
		5CFCF7871AAD203800B63FF2 /* Info.plist */ = {isa = PBXFileReference; lastKnownFileType = text.plist.xml; path = Info.plist; sourceTree = "<group>"; };
		5CFCF7881AAD203800B63FF2 /* OSTContactsAppDelegate.swift */ = {isa = PBXFileReference; lastKnownFileType = sourcecode.swift; path = OSTContactsAppDelegate.swift; sourceTree = "<group>"; };
		5CFCF78A1AAD203800B63FF2 /* OSTContactsViewController.swift */ = {isa = PBXFileReference; lastKnownFileType = sourcecode.swift; path = OSTContactsViewController.swift; sourceTree = "<group>"; };
		5CFCF78D1AAD203800B63FF2 /* Base */ = {isa = PBXFileReference; lastKnownFileType = file.storyboard; name = Base; path = Base.lproj/Main.storyboard; sourceTree = "<group>"; };
		5CFCF78F1AAD203800B63FF2 /* Images.xcassets */ = {isa = PBXFileReference; lastKnownFileType = folder.assetcatalog; path = Images.xcassets; sourceTree = "<group>"; };
		5CFCF7921AAD203800B63FF2 /* Base */ = {isa = PBXFileReference; lastKnownFileType = file.xib; name = Base; path = Base.lproj/LaunchScreen.xib; sourceTree = "<group>"; };
		5CFCF7981AAD203800B63FF2 /* OSTRealmContactsTests.xctest */ = {isa = PBXFileReference; explicitFileType = wrapper.cfbundle; includeInIndex = 0; path = OSTRealmContactsTests.xctest; sourceTree = BUILT_PRODUCTS_DIR; };
		5CFCF79D1AAD203800B63FF2 /* Info.plist */ = {isa = PBXFileReference; lastKnownFileType = text.plist.xml; path = Info.plist; sourceTree = "<group>"; };
		5CFCF79E1AAD203800B63FF2 /* OSTRealmContactsTests.swift */ = {isa = PBXFileReference; lastKnownFileType = sourcecode.swift; path = OSTRealmContactsTests.swift; sourceTree = "<group>"; };
		5CFCF8161AAD23D100B63FF2 /* RHAddressBook.xcodeproj */ = {isa = PBXFileReference; lastKnownFileType = "wrapper.pb-project"; name = RHAddressBook.xcodeproj; path = Externals/RHAddressBook/RHAddressBook.xcodeproj; sourceTree = "<group>"; };
/* End PBXFileReference section */

/* Begin PBXFrameworksBuildPhase section */
		5CFCF7801AAD203800B63FF2 /* Frameworks */ = {
			isa = PBXFrameworksBuildPhase;
			buildActionMask = 2147483647;
			files = (
			);
			runOnlyForDeploymentPostprocessing = 0;
		};
		5CFCF7951AAD203800B63FF2 /* Frameworks */ = {
			isa = PBXFrameworksBuildPhase;
			buildActionMask = 2147483647;
			files = (
			);
			runOnlyForDeploymentPostprocessing = 0;
		};
/* End PBXFrameworksBuildPhase section */

/* Begin PBXGroup section */
		5CFCF77A1AAD203800B63FF2 = {
			isa = PBXGroup;
			children = (
				5CFCF7851AAD203800B63FF2 /* OSTRealmContacts */,
				5CFCF79B1AAD203800B63FF2 /* OSTRealmContactsTests */,
				5CFCF7A81AAD21BD00B63FF2 /* Externals */,
				5CFCF7841AAD203800B63FF2 /* Products */,
			);
			sourceTree = "<group>";
		};
		5CFCF7841AAD203800B63FF2 /* Products */ = {
			isa = PBXGroup;
			children = (
				5CFCF7831AAD203800B63FF2 /* OSTRealmContacts.app */,
				5CFCF7981AAD203800B63FF2 /* OSTRealmContactsTests.xctest */,
			);
			name = Products;
			sourceTree = "<group>";
		};
		5CFCF7851AAD203800B63FF2 /* OSTRealmContacts */ = {
			isa = PBXGroup;
			children = (
				5CFCF7881AAD203800B63FF2 /* OSTContactsAppDelegate.swift */,
				5CFCF78A1AAD203800B63FF2 /* OSTContactsViewController.swift */,
				5CFCF78C1AAD203800B63FF2 /* Main.storyboard */,
				5CFCF78F1AAD203800B63FF2 /* Images.xcassets */,
				5CFCF7911AAD203800B63FF2 /* LaunchScreen.xib */,
				5CFCF7861AAD203800B63FF2 /* Supporting Files */,
			);
			path = OSTRealmContacts;
			sourceTree = "<group>";
		};
		5CFCF7861AAD203800B63FF2 /* Supporting Files */ = {
			isa = PBXGroup;
			children = (
				5CFCF7871AAD203800B63FF2 /* Info.plist */,
			);
			name = "Supporting Files";
			sourceTree = "<group>";
		};
		5CFCF79B1AAD203800B63FF2 /* OSTRealmContactsTests */ = {
			isa = PBXGroup;
			children = (
				5CFCF79E1AAD203800B63FF2 /* OSTRealmContactsTests.swift */,
				5CFCF79C1AAD203800B63FF2 /* Supporting Files */,
			);
			path = OSTRealmContactsTests;
			sourceTree = "<group>";
		};
		5CFCF79C1AAD203800B63FF2 /* Supporting Files */ = {
			isa = PBXGroup;
			children = (
				5CFCF79D1AAD203800B63FF2 /* Info.plist */,
			);
			name = "Supporting Files";
			sourceTree = "<group>";
		};
		5CFCF7A81AAD21BD00B63FF2 /* Externals */ = {
			isa = PBXGroup;
			children = (
				5CFCF8151AAD23C200B63FF2 /* RHAddressBook */,
			);
			name = Externals;
			sourceTree = "<group>";
		};
		5CFCF8151AAD23C200B63FF2 /* RHAddressBook */ = {
			isa = PBXGroup;
			children = (
				5CFCF8161AAD23D100B63FF2 /* RHAddressBook.xcodeproj */,
			);
			name = RHAddressBook;
			sourceTree = "<group>";
		};
		5CFCF8171AAD23D100B63FF2 /* Products */ = {
			isa = PBXGroup;
			children = (
				5CFCF81E1AAD23D100B63FF2 /* libRHAddressBook.a */,
				5CFCF8201AAD23D100B63FF2 /* RHAddressBook.framework */,
				5CFCF8221AAD23D100B63FF2 /* RHAddressBookTester.app */,
				5CFCF8241AAD23D100B63FF2 /* RHAddressBookLogicTests.xctest */,
			);
			name = Products;
			sourceTree = "<group>";
		};
/* End PBXGroup section */

/* Begin PBXNativeTarget section */
		5CFCF7821AAD203800B63FF2 /* OSTRealmContacts */ = {
			isa = PBXNativeTarget;
			buildConfigurationList = 5CFCF7A21AAD203800B63FF2 /* Build configuration list for PBXNativeTarget "OSTRealmContacts" */;
			buildPhases = (
				5CFCF77F1AAD203800B63FF2 /* Sources */,
				5CFCF7801AAD203800B63FF2 /* Frameworks */,
				5CFCF7811AAD203800B63FF2 /* Resources */,
			);
			buildRules = (
			);
			dependencies = (
			);
			name = OSTRealmContacts;
			productName = OSTRealmContacts;
			productReference = 5CFCF7831AAD203800B63FF2 /* OSTRealmContacts.app */;
			productType = "com.apple.product-type.application";
		};
		5CFCF7971AAD203800B63FF2 /* OSTRealmContactsTests */ = {
			isa = PBXNativeTarget;
			buildConfigurationList = 5CFCF7A51AAD203800B63FF2 /* Build configuration list for PBXNativeTarget "OSTRealmContactsTests" */;
			buildPhases = (
				5CFCF7941AAD203800B63FF2 /* Sources */,
				5CFCF7951AAD203800B63FF2 /* Frameworks */,
				5CFCF7961AAD203800B63FF2 /* Resources */,
			);
			buildRules = (
			);
			dependencies = (
				5CFCF79A1AAD203800B63FF2 /* PBXTargetDependency */,
			);
			name = OSTRealmContactsTests;
			productName = OSTRealmContactsTests;
			productReference = 5CFCF7981AAD203800B63FF2 /* OSTRealmContactsTests.xctest */;
			productType = "com.apple.product-type.bundle.unit-test";
		};
/* End PBXNativeTarget section */

/* Begin PBXProject section */
		5CFCF77B1AAD203800B63FF2 /* Project object */ = {
			isa = PBXProject;
			attributes = {
				LastUpgradeCheck = 0610;
				ORGANIZATIONNAME = "Robert Otani";
				TargetAttributes = {
					5CFCF7821AAD203800B63FF2 = {
						CreatedOnToolsVersion = 6.1.1;
					};
					5CFCF7971AAD203800B63FF2 = {
						CreatedOnToolsVersion = 6.1.1;
						TestTargetID = 5CFCF7821AAD203800B63FF2;
					};
				};
			};
			buildConfigurationList = 5CFCF77E1AAD203800B63FF2 /* Build configuration list for PBXProject "OSTRealmContacts" */;
			compatibilityVersion = "Xcode 3.2";
			developmentRegion = English;
			hasScannedForEncodings = 0;
			knownRegions = (
				en,
				Base,
			);
			mainGroup = 5CFCF77A1AAD203800B63FF2;
			productRefGroup = 5CFCF7841AAD203800B63FF2 /* Products */;
			projectDirPath = "";
			projectReferences = (
				{
					ProductGroup = 5CFCF8171AAD23D100B63FF2 /* Products */;
					ProjectRef = 5CFCF8161AAD23D100B63FF2 /* RHAddressBook.xcodeproj */;
				},
			);
			projectRoot = "";
			targets = (
				5CFCF7821AAD203800B63FF2 /* OSTRealmContacts */,
				5CFCF7971AAD203800B63FF2 /* OSTRealmContactsTests */,
			);
		};
/* End PBXProject section */

/* Begin PBXReferenceProxy section */
		5CFCF81E1AAD23D100B63FF2 /* libRHAddressBook.a */ = {
			isa = PBXReferenceProxy;
			fileType = archive.ar;
			path = libRHAddressBook.a;
			remoteRef = 5CFCF81D1AAD23D100B63FF2 /* PBXContainerItemProxy */;
			sourceTree = BUILT_PRODUCTS_DIR;
		};
		5CFCF8201AAD23D100B63FF2 /* RHAddressBook.framework */ = {
			isa = PBXReferenceProxy;
			fileType = wrapper.framework;
			path = RHAddressBook.framework;
			remoteRef = 5CFCF81F1AAD23D100B63FF2 /* PBXContainerItemProxy */;
			sourceTree = BUILT_PRODUCTS_DIR;
		};
		5CFCF8221AAD23D100B63FF2 /* RHAddressBookTester.app */ = {
			isa = PBXReferenceProxy;
			fileType = wrapper.application;
			path = RHAddressBookTester.app;
			remoteRef = 5CFCF8211AAD23D100B63FF2 /* PBXContainerItemProxy */;
			sourceTree = BUILT_PRODUCTS_DIR;
		};
		5CFCF8241AAD23D100B63FF2 /* RHAddressBookLogicTests.xctest */ = {
			isa = PBXReferenceProxy;
			fileType = wrapper.cfbundle;
			path = RHAddressBookLogicTests.xctest;
			remoteRef = 5CFCF8231AAD23D100B63FF2 /* PBXContainerItemProxy */;
			sourceTree = BUILT_PRODUCTS_DIR;
		};
/* End PBXReferenceProxy section */

/* Begin PBXResourcesBuildPhase section */
		5CFCF7811AAD203800B63FF2 /* Resources */ = {
			isa = PBXResourcesBuildPhase;
			buildActionMask = 2147483647;
			files = (
				5CFCF78E1AAD203800B63FF2 /* Main.storyboard in Resources */,
				5CFCF7931AAD203800B63FF2 /* LaunchScreen.xib in Resources */,
				5CFCF7901AAD203800B63FF2 /* Images.xcassets in Resources */,
			);
			runOnlyForDeploymentPostprocessing = 0;
		};
		5CFCF7961AAD203800B63FF2 /* Resources */ = {
			isa = PBXResourcesBuildPhase;
			buildActionMask = 2147483647;
			files = (
			);
			runOnlyForDeploymentPostprocessing = 0;
		};
/* End PBXResourcesBuildPhase section */

/* Begin PBXSourcesBuildPhase section */
		5CFCF77F1AAD203800B63FF2 /* Sources */ = {
			isa = PBXSourcesBuildPhase;
			buildActionMask = 2147483647;
			files = (
				5CFCF78B1AAD203800B63FF2 /* OSTContactsViewController.swift in Sources */,
				5CFCF7891AAD203800B63FF2 /* OSTContactsAppDelegate.swift in Sources */,
			);
			runOnlyForDeploymentPostprocessing = 0;
		};
		5CFCF7941AAD203800B63FF2 /* Sources */ = {
			isa = PBXSourcesBuildPhase;
			buildActionMask = 2147483647;
			files = (
				5CFCF79F1AAD203800B63FF2 /* OSTRealmContactsTests.swift in Sources */,
			);
			runOnlyForDeploymentPostprocessing = 0;
		};
/* End PBXSourcesBuildPhase section */

/* Begin PBXTargetDependency section */
		5CFCF79A1AAD203800B63FF2 /* PBXTargetDependency */ = {
			isa = PBXTargetDependency;
			target = 5CFCF7821AAD203800B63FF2 /* OSTRealmContacts */;
			targetProxy = 5CFCF7991AAD203800B63FF2 /* PBXContainerItemProxy */;
		};
/* End PBXTargetDependency section */

/* Begin PBXVariantGroup section */
		5CFCF78C1AAD203800B63FF2 /* Main.storyboard */ = {
			isa = PBXVariantGroup;
			children = (
				5CFCF78D1AAD203800B63FF2 /* Base */,
			);
			name = Main.storyboard;
			sourceTree = "<group>";
		};
		5CFCF7911AAD203800B63FF2 /* LaunchScreen.xib */ = {
			isa = PBXVariantGroup;
			children = (
				5CFCF7921AAD203800B63FF2 /* Base */,
			);
			name = LaunchScreen.xib;
			sourceTree = "<group>";
		};
/* End PBXVariantGroup section */

/* Begin XCBuildConfiguration section */
		5CFCF7A01AAD203800B63FF2 /* Debug */ = {
			isa = XCBuildConfiguration;
			buildSettings = {
				ALWAYS_SEARCH_USER_PATHS = NO;
				CLANG_CXX_LANGUAGE_STANDARD = "gnu++0x";
				CLANG_CXX_LIBRARY = "libc++";
				CLANG_ENABLE_MODULES = YES;
				CLANG_ENABLE_OBJC_ARC = YES;
				CLANG_WARN_BOOL_CONVERSION = YES;
				CLANG_WARN_CONSTANT_CONVERSION = YES;
				CLANG_WARN_DIRECT_OBJC_ISA_USAGE = YES_ERROR;
				CLANG_WARN_EMPTY_BODY = YES;
				CLANG_WARN_ENUM_CONVERSION = YES;
				CLANG_WARN_INT_CONVERSION = YES;
				CLANG_WARN_OBJC_ROOT_CLASS = YES_ERROR;
				CLANG_WARN_UNREACHABLE_CODE = YES;
				CLANG_WARN__DUPLICATE_METHOD_MATCH = YES;
				"CODE_SIGN_IDENTITY[sdk=iphoneos*]" = "iPhone Developer";
				COPY_PHASE_STRIP = NO;
				ENABLE_STRICT_OBJC_MSGSEND = YES;
				GCC_C_LANGUAGE_STANDARD = gnu99;
				GCC_DYNAMIC_NO_PIC = NO;
				GCC_OPTIMIZATION_LEVEL = 0;
				GCC_PREPROCESSOR_DEFINITIONS = (
					"DEBUG=1",
					"$(inherited)",
				);
				GCC_SYMBOLS_PRIVATE_EXTERN = NO;
				GCC_WARN_64_TO_32_BIT_CONVERSION = YES;
				GCC_WARN_ABOUT_RETURN_TYPE = YES_ERROR;
				GCC_WARN_UNDECLARED_SELECTOR = YES;
				GCC_WARN_UNINITIALIZED_AUTOS = YES_AGGRESSIVE;
				GCC_WARN_UNUSED_FUNCTION = YES;
				GCC_WARN_UNUSED_VARIABLE = YES;
				IPHONEOS_DEPLOYMENT_TARGET = 8.1;
				MTL_ENABLE_DEBUG_INFO = YES;
				ONLY_ACTIVE_ARCH = YES;
				SDKROOT = iphoneos;
				SWIFT_OPTIMIZATION_LEVEL = "-Onone";
				TARGETED_DEVICE_FAMILY = "1,2";
			};
			name = Debug;
		};
		5CFCF7A11AAD203800B63FF2 /* Release */ = {
			isa = XCBuildConfiguration;
			buildSettings = {
				ALWAYS_SEARCH_USER_PATHS = NO;
				CLANG_CXX_LANGUAGE_STANDARD = "gnu++0x";
				CLANG_CXX_LIBRARY = "libc++";
				CLANG_ENABLE_MODULES = YES;
				CLANG_ENABLE_OBJC_ARC = YES;
				CLANG_WARN_BOOL_CONVERSION = YES;
				CLANG_WARN_CONSTANT_CONVERSION = YES;
				CLANG_WARN_DIRECT_OBJC_ISA_USAGE = YES_ERROR;
				CLANG_WARN_EMPTY_BODY = YES;
				CLANG_WARN_ENUM_CONVERSION = YES;
				CLANG_WARN_INT_CONVERSION = YES;
				CLANG_WARN_OBJC_ROOT_CLASS = YES_ERROR;
				CLANG_WARN_UNREACHABLE_CODE = YES;
				CLANG_WARN__DUPLICATE_METHOD_MATCH = YES;
				"CODE_SIGN_IDENTITY[sdk=iphoneos*]" = "iPhone Developer";
				COPY_PHASE_STRIP = YES;
				ENABLE_NS_ASSERTIONS = NO;
				ENABLE_STRICT_OBJC_MSGSEND = YES;
				GCC_C_LANGUAGE_STANDARD = gnu99;
				GCC_WARN_64_TO_32_BIT_CONVERSION = YES;
				GCC_WARN_ABOUT_RETURN_TYPE = YES_ERROR;
				GCC_WARN_UNDECLARED_SELECTOR = YES;
				GCC_WARN_UNINITIALIZED_AUTOS = YES_AGGRESSIVE;
				GCC_WARN_UNUSED_FUNCTION = YES;
				GCC_WARN_UNUSED_VARIABLE = YES;
				IPHONEOS_DEPLOYMENT_TARGET = 8.1;
				MTL_ENABLE_DEBUG_INFO = NO;
				SDKROOT = iphoneos;
				TARGETED_DEVICE_FAMILY = "1,2";
				VALIDATE_PRODUCT = YES;
			};
			name = Release;
		};
		5CFCF7A31AAD203800B63FF2 /* Debug */ = {
			isa = XCBuildConfiguration;
			buildSettings = {
				ASSETCATALOG_COMPILER_APPICON_NAME = AppIcon;
				INFOPLIST_FILE = OSTRealmContacts/Info.plist;
				LD_RUNPATH_SEARCH_PATHS = "$(inherited) @executable_path/Frameworks";
				PRODUCT_NAME = "$(TARGET_NAME)";
			};
			name = Debug;
		};
		5CFCF7A41AAD203800B63FF2 /* Release */ = {
			isa = XCBuildConfiguration;
			buildSettings = {
				ASSETCATALOG_COMPILER_APPICON_NAME = AppIcon;
				INFOPLIST_FILE = OSTRealmContacts/Info.plist;
				LD_RUNPATH_SEARCH_PATHS = "$(inherited) @executable_path/Frameworks";
				PRODUCT_NAME = "$(TARGET_NAME)";
			};
			name = Release;
		};
		5CFCF7A61AAD203800B63FF2 /* Debug */ = {
			isa = XCBuildConfiguration;
			buildSettings = {
				BUNDLE_LOADER = "$(TEST_HOST)";
				FRAMEWORK_SEARCH_PATHS = (
					"$(SDKROOT)/Developer/Library/Frameworks",
					"$(inherited)",
				);
				GCC_PREPROCESSOR_DEFINITIONS = (
					"DEBUG=1",
					"$(inherited)",
				);
				INFOPLIST_FILE = OSTRealmContactsTests/Info.plist;
				LD_RUNPATH_SEARCH_PATHS = "$(inherited) @executable_path/Frameworks @loader_path/Frameworks";
				PRODUCT_NAME = "$(TARGET_NAME)";
				TEST_HOST = "$(BUILT_PRODUCTS_DIR)/OSTRealmContacts.app/OSTRealmContacts";
			};
			name = Debug;
		};
		5CFCF7A71AAD203800B63FF2 /* Release */ = {
			isa = XCBuildConfiguration;
			buildSettings = {
				BUNDLE_LOADER = "$(TEST_HOST)";
				FRAMEWORK_SEARCH_PATHS = (
					"$(SDKROOT)/Developer/Library/Frameworks",
					"$(inherited)",
				);
				INFOPLIST_FILE = OSTRealmContactsTests/Info.plist;
				LD_RUNPATH_SEARCH_PATHS = "$(inherited) @executable_path/Frameworks @loader_path/Frameworks";
				PRODUCT_NAME = "$(TARGET_NAME)";
				TEST_HOST = "$(BUILT_PRODUCTS_DIR)/OSTRealmContacts.app/OSTRealmContacts";
			};
			name = Release;
		};
/* End XCBuildConfiguration section */

/* Begin XCConfigurationList section */
		5CFCF77E1AAD203800B63FF2 /* Build configuration list for PBXProject "OSTRealmContacts" */ = {
			isa = XCConfigurationList;
			buildConfigurations = (
				5CFCF7A01AAD203800B63FF2 /* Debug */,
				5CFCF7A11AAD203800B63FF2 /* Release */,
			);
			defaultConfigurationIsVisible = 0;
			defaultConfigurationName = Release;
		};
		5CFCF7A21AAD203800B63FF2 /* Build configuration list for PBXNativeTarget "OSTRealmContacts" */ = {
			isa = XCConfigurationList;
			buildConfigurations = (
				5CFCF7A31AAD203800B63FF2 /* Debug */,
				5CFCF7A41AAD203800B63FF2 /* Release */,
			);
			defaultConfigurationIsVisible = 0;
		};
		5CFCF7A51AAD203800B63FF2 /* Build configuration list for PBXNativeTarget "OSTRealmContactsTests" */ = {
			isa = XCConfigurationList;
			buildConfigurations = (
				5CFCF7A61AAD203800B63FF2 /* Debug */,
				5CFCF7A71AAD203800B63FF2 /* Release */,
			);
			defaultConfigurationIsVisible = 0;
		};
/* End XCConfigurationList section */
	};
	rootObject = 5CFCF77B1AAD203800B63FF2 /* Project object */;
}
