// !$*UTF8*$!
{
	archiveVersion = 1;
	classes = {
	};
	objectVersion = 46;
	objects = {

/* Begin PBXBuildFile section */
		5C35CA831AE37BD300E73DE3 /* OSTResultsTableController.swift in Sources */ = {isa = PBXBuildFile; fileRef = 5C35CA821AE37BD300E73DE3 /* OSTResultsTableController.swift */; };
		5C5EE1041AE438EF006D087B /* OSTResultCell.swift in Sources */ = {isa = PBXBuildFile; fileRef = 5C5EE1021AE438EF006D087B /* OSTResultCell.swift */; };
		5C5EE1051AE438EF006D087B /* OSTResultCell.xib in Resources */ = {isa = PBXBuildFile; fileRef = 5C5EE1031AE438EF006D087B /* OSTResultCell.xib */; };
		5C918C5C1AAD5129006A18FA /* OSTABManager.swift in Sources */ = {isa = PBXBuildFile; fileRef = 5C918C5B1AAD5129006A18FA /* OSTABManager.swift */; };
		5C918C5E1AADE59F006A18FA /* Foundation.framework in Frameworks */ = {isa = PBXBuildFile; fileRef = 5C918C5D1AADE59F006A18FA /* Foundation.framework */; };
		5CBC38A31AB517CA009EF24F /* libRHAddressBookUniversal.a in Frameworks */ = {isa = PBXBuildFile; fileRef = 5CBC38A21AB517CA009EF24F /* libRHAddressBookUniversal.a */; };
		5CBC39321AB61F4C009EF24F /* OSTContactsViewController.swift in Sources */ = {isa = PBXBuildFile; fileRef = 5CBC39311AB61F4C009EF24F /* OSTContactsViewController.swift */; };
		5CBC39351AB63B1B009EF24F /* Realm.framework in Frameworks */ = {isa = PBXBuildFile; fileRef = 5CBC39341AB63B1B009EF24F /* Realm.framework */; };
		5CBC39371AB63B92009EF24F /* libc++.dylib in Frameworks */ = {isa = PBXBuildFile; fileRef = 5CBC39361AB63B92009EF24F /* libc++.dylib */; };
		5CBC39391AB63C52009EF24F /* RLMSupport.swift in Sources */ = {isa = PBXBuildFile; fileRef = 5CBC39381AB63C52009EF24F /* RLMSupport.swift */; };
		5CBC393C1AB63DD6009EF24F /* OSTPerson.swift in Sources */ = {isa = PBXBuildFile; fileRef = 5CBC393B1AB63DD6009EF24F /* OSTPerson.swift */; };
		5CC75F0B1AE2D0F200359B63 /* OSTPhoneNumber.swift in Sources */ = {isa = PBXBuildFile; fileRef = 5CC75F0A1AE2D0F200359B63 /* OSTPhoneNumber.swift */; };
		5CC899641AE46BC700AB0119 /* OSTPhoneUtilityTests.swift in Sources */ = {isa = PBXBuildFile; fileRef = 5CC899631AE46BC700AB0119 /* OSTPhoneUtilityTests.swift */; };
		5CC899651AE46C4800AB0119 /* OSTPhoneUtility.swift in Sources */ = {isa = PBXBuildFile; fileRef = 5CE4686A1AB67F34000CAAC5 /* OSTPhoneUtility.swift */; };
		5CE4686B1AB67F34000CAAC5 /* OSTPhoneUtility.swift in Sources */ = {isa = PBXBuildFile; fileRef = 5CE4686A1AB67F34000CAAC5 /* OSTPhoneUtility.swift */; };
		5CE468751AB6A4A8000CAAC5 /* OSTContactCell.swift in Sources */ = {isa = PBXBuildFile; fileRef = 5CE468741AB6A4A8000CAAC5 /* OSTContactCell.swift */; };
		5CFCF7891AAD203800B63FF2 /* OSTContactsAppDelegate.swift in Sources */ = {isa = PBXBuildFile; fileRef = 5CFCF7881AAD203800B63FF2 /* OSTContactsAppDelegate.swift */; };
		5CFCF78B1AAD203800B63FF2 /* OSTStartViewController.swift in Sources */ = {isa = PBXBuildFile; fileRef = 5CFCF78A1AAD203800B63FF2 /* OSTStartViewController.swift */; };
		5CFCF78E1AAD203800B63FF2 /* Main.storyboard in Resources */ = {isa = PBXBuildFile; fileRef = 5CFCF78C1AAD203800B63FF2 /* Main.storyboard */; };
		5CFCF7901AAD203800B63FF2 /* Images.xcassets in Resources */ = {isa = PBXBuildFile; fileRef = 5CFCF78F1AAD203800B63FF2 /* Images.xcassets */; };
		5CFCF7931AAD203800B63FF2 /* LaunchScreen.xib in Resources */ = {isa = PBXBuildFile; fileRef = 5CFCF7911AAD203800B63FF2 /* LaunchScreen.xib */; };
		5CFCF79F1AAD203800B63FF2 /* OSTRealmContactsTests.swift in Sources */ = {isa = PBXBuildFile; fileRef = 5CFCF79E1AAD203800B63FF2 /* OSTRealmContactsTests.swift */; };
		5CFCF8271AAD267300B63FF2 /* AddressBook.framework in Frameworks */ = {isa = PBXBuildFile; fileRef = 5CFCF8261AAD267300B63FF2 /* AddressBook.framework */; };
/* End PBXBuildFile section */

/* Begin PBXContainerItemProxy section */
		5CFCF7991AAD203800B63FF2 /* PBXContainerItemProxy */ = {
			isa = PBXContainerItemProxy;
			containerPortal = 5CFCF77B1AAD203800B63FF2 /* Project object */;
			proxyType = 1;
			remoteGlobalIDString = 5CFCF7821AAD203800B63FF2;
			remoteInfo = OSTRealmContacts;
		};
/* End PBXContainerItemProxy section */

/* Begin PBXFileReference section */
		5C35CA821AE37BD300E73DE3 /* OSTResultsTableController.swift */ = {isa = PBXFileReference; fileEncoding = 4; lastKnownFileType = sourcecode.swift; path = OSTResultsTableController.swift; sourceTree = "<group>"; };
		5C5EE1021AE438EF006D087B /* OSTResultCell.swift */ = {isa = PBXFileReference; fileEncoding = 4; lastKnownFileType = sourcecode.swift; name = OSTResultCell.swift; path = Views/OSTResultCell.swift; sourceTree = "<group>"; };
		5C5EE1031AE438EF006D087B /* OSTResultCell.xib */ = {isa = PBXFileReference; fileEncoding = 4; lastKnownFileType = file.xib; name = OSTResultCell.xib; path = Views/OSTResultCell.xib; sourceTree = "<group>"; };
		5C918C5B1AAD5129006A18FA /* OSTABManager.swift */ = {isa = PBXFileReference; fileEncoding = 4; lastKnownFileType = sourcecode.swift; path = OSTABManager.swift; sourceTree = "<group>"; };
		5C918C5D1AADE59F006A18FA /* Foundation.framework */ = {isa = PBXFileReference; lastKnownFileType = wrapper.framework; name = Foundation.framework; path = System/Library/Frameworks/Foundation.framework; sourceTree = SDKROOT; };
		5CBC38931AB517CA009EF24F /* AddressBook.h */ = {isa = PBXFileReference; fileEncoding = 4; lastKnownFileType = sourcecode.c.h; path = AddressBook.h; sourceTree = "<group>"; };
		5CBC38951AB517CA009EF24F /* NSThread+RHBlockAdditions.h */ = {isa = PBXFileReference; fileEncoding = 4; lastKnownFileType = sourcecode.c.h; path = "NSThread+RHBlockAdditions.h"; sourceTree = "<group>"; };
		5CBC38961AB517CA009EF24F /* RHAddressBook_Private.h */ = {isa = PBXFileReference; fileEncoding = 4; lastKnownFileType = sourcecode.c.h; path = RHAddressBook_Private.h; sourceTree = "<group>"; };
		5CBC38971AB517CA009EF24F /* RHAddressBookGeoResult.h */ = {isa = PBXFileReference; fileEncoding = 4; lastKnownFileType = sourcecode.c.h; path = RHAddressBookGeoResult.h; sourceTree = "<group>"; };
		5CBC38981AB517CA009EF24F /* RHAddressBookSharedServices.h */ = {isa = PBXFileReference; fileEncoding = 4; lastKnownFileType = sourcecode.c.h; path = RHAddressBookSharedServices.h; sourceTree = "<group>"; };
		5CBC38991AB517CA009EF24F /* RHAddressBookThreadMain.h */ = {isa = PBXFileReference; fileEncoding = 4; lastKnownFileType = sourcecode.c.h; path = RHAddressBookThreadMain.h; sourceTree = "<group>"; };
		5CBC389A1AB517CA009EF24F /* RHRecord_Private.h */ = {isa = PBXFileReference; fileEncoding = 4; lastKnownFileType = sourcecode.c.h; path = RHRecord_Private.h; sourceTree = "<group>"; };
		5CBC389B1AB517CA009EF24F /* RHAddressBook.h */ = {isa = PBXFileReference; fileEncoding = 4; lastKnownFileType = sourcecode.c.h; path = RHAddressBook.h; sourceTree = "<group>"; };
		5CBC389C1AB517CA009EF24F /* RHGroup.h */ = {isa = PBXFileReference; fileEncoding = 4; lastKnownFileType = sourcecode.c.h; path = RHGroup.h; sourceTree = "<group>"; };
		5CBC389D1AB517CA009EF24F /* RHMultiValue.h */ = {isa = PBXFileReference; fileEncoding = 4; lastKnownFileType = sourcecode.c.h; path = RHMultiValue.h; sourceTree = "<group>"; };
		5CBC389E1AB517CA009EF24F /* RHPerson.h */ = {isa = PBXFileReference; fileEncoding = 4; lastKnownFileType = sourcecode.c.h; path = RHPerson.h; sourceTree = "<group>"; };
		5CBC389F1AB517CA009EF24F /* RHPersonLabels.h */ = {isa = PBXFileReference; fileEncoding = 4; lastKnownFileType = sourcecode.c.h; path = RHPersonLabels.h; sourceTree = "<group>"; };
		5CBC38A01AB517CA009EF24F /* RHRecord.h */ = {isa = PBXFileReference; fileEncoding = 4; lastKnownFileType = sourcecode.c.h; path = RHRecord.h; sourceTree = "<group>"; };
		5CBC38A11AB517CA009EF24F /* RHSource.h */ = {isa = PBXFileReference; fileEncoding = 4; lastKnownFileType = sourcecode.c.h; path = RHSource.h; sourceTree = "<group>"; };
		5CBC38A21AB517CA009EF24F /* libRHAddressBookUniversal.a */ = {isa = PBXFileReference; lastKnownFileType = archive.ar; name = libRHAddressBookUniversal.a; path = lib/RHAddressBook/libRHAddressBookUniversal.a; sourceTree = "<group>"; };
		5CBC39311AB61F4C009EF24F /* OSTContactsViewController.swift */ = {isa = PBXFileReference; fileEncoding = 4; lastKnownFileType = sourcecode.swift; path = OSTContactsViewController.swift; sourceTree = "<group>"; };
		5CBC39341AB63B1B009EF24F /* Realm.framework */ = {isa = PBXFileReference; lastKnownFileType = wrapper.framework; name = Realm.framework; path = Externals/Realm/Realm.framework; sourceTree = "<group>"; };
		5CBC39361AB63B92009EF24F /* libc++.dylib */ = {isa = PBXFileReference; lastKnownFileType = "compiled.mach-o.dylib"; name = "libc++.dylib"; path = "usr/lib/libc++.dylib"; sourceTree = SDKROOT; };
		5CBC39381AB63C52009EF24F /* RLMSupport.swift */ = {isa = PBXFileReference; fileEncoding = 4; lastKnownFileType = sourcecode.swift; name = RLMSupport.swift; path = Externals/Realm/RLMSupport.swift; sourceTree = "<group>"; };
		5CBC393B1AB63DD6009EF24F /* OSTPerson.swift */ = {isa = PBXFileReference; fileEncoding = 4; lastKnownFileType = sourcecode.swift; name = OSTPerson.swift; path = Models/OSTPerson.swift; sourceTree = "<group>"; };
		5CC75F0A1AE2D0F200359B63 /* OSTPhoneNumber.swift */ = {isa = PBXFileReference; fileEncoding = 4; lastKnownFileType = sourcecode.swift; name = OSTPhoneNumber.swift; path = Models/OSTPhoneNumber.swift; sourceTree = "<group>"; };
		5CC899631AE46BC700AB0119 /* OSTPhoneUtilityTests.swift */ = {isa = PBXFileReference; fileEncoding = 4; lastKnownFileType = sourcecode.swift; path = OSTPhoneUtilityTests.swift; sourceTree = "<group>"; };
		5CE4686A1AB67F34000CAAC5 /* OSTPhoneUtility.swift */ = {isa = PBXFileReference; fileEncoding = 4; lastKnownFileType = sourcecode.swift; name = OSTPhoneUtility.swift; path = Utilities/OSTPhoneUtility.swift; sourceTree = "<group>"; };
		5CE468741AB6A4A8000CAAC5 /* OSTContactCell.swift */ = {isa = PBXFileReference; fileEncoding = 4; lastKnownFileType = sourcecode.swift; name = OSTContactCell.swift; path = Views/OSTContactCell.swift; sourceTree = "<group>"; };
		5CFCF7831AAD203800B63FF2 /* OSTRealmContacts.app */ = {isa = PBXFileReference; explicitFileType = wrapper.application; includeInIndex = 0; path = OSTRealmContacts.app; sourceTree = BUILT_PRODUCTS_DIR; };
		5CFCF7871AAD203800B63FF2 /* Info.plist */ = {isa = PBXFileReference; lastKnownFileType = text.plist.xml; path = Info.plist; sourceTree = "<group>"; };
		5CFCF7881AAD203800B63FF2 /* OSTContactsAppDelegate.swift */ = {isa = PBXFileReference; lastKnownFileType = sourcecode.swift; path = OSTContactsAppDelegate.swift; sourceTree = "<group>"; };
		5CFCF78A1AAD203800B63FF2 /* OSTStartViewController.swift */ = {isa = PBXFileReference; lastKnownFileType = sourcecode.swift; path = OSTStartViewController.swift; sourceTree = "<group>"; };
		5CFCF78D1AAD203800B63FF2 /* Base */ = {isa = PBXFileReference; lastKnownFileType = file.storyboard; name = Base; path = Base.lproj/Main.storyboard; sourceTree = "<group>"; };
		5CFCF78F1AAD203800B63FF2 /* Images.xcassets */ = {isa = PBXFileReference; lastKnownFileType = folder.assetcatalog; path = Images.xcassets; sourceTree = "<group>"; };
		5CFCF7921AAD203800B63FF2 /* Base */ = {isa = PBXFileReference; lastKnownFileType = file.xib; name = Base; path = Base.lproj/LaunchScreen.xib; sourceTree = "<group>"; };
		5CFCF7981AAD203800B63FF2 /* OSTRealmContactsTests.xctest */ = {isa = PBXFileReference; explicitFileType = wrapper.cfbundle; includeInIndex = 0; path = OSTRealmContactsTests.xctest; sourceTree = BUILT_PRODUCTS_DIR; };
		5CFCF79D1AAD203800B63FF2 /* Info.plist */ = {isa = PBXFileReference; lastKnownFileType = text.plist.xml; path = Info.plist; sourceTree = "<group>"; };
		5CFCF79E1AAD203800B63FF2 /* OSTRealmContactsTests.swift */ = {isa = PBXFileReference; lastKnownFileType = sourcecode.swift; path = OSTRealmContactsTests.swift; sourceTree = "<group>"; };
		5CFCF8261AAD267300B63FF2 /* AddressBook.framework */ = {isa = PBXFileReference; lastKnownFileType = wrapper.framework; name = AddressBook.framework; path = System/Library/Frameworks/AddressBook.framework; sourceTree = SDKROOT; };
		5CFCF8321AAD497E00B63FF2 /* OSTRealmContacts-Bridging-Header.h */ = {isa = PBXFileReference; fileEncoding = 4; lastKnownFileType = sourcecode.c.h; path = "OSTRealmContacts-Bridging-Header.h"; sourceTree = "<group>"; };
/* End PBXFileReference section */

/* Begin PBXFrameworksBuildPhase section */
		5CFCF7801AAD203800B63FF2 /* Frameworks */ = {
			isa = PBXFrameworksBuildPhase;
			buildActionMask = 2147483647;
			files = (
				5CBC39371AB63B92009EF24F /* libc++.dylib in Frameworks */,
				5CBC39351AB63B1B009EF24F /* Realm.framework in Frameworks */,
				5C918C5E1AADE59F006A18FA /* Foundation.framework in Frameworks */,
				5CFCF8271AAD267300B63FF2 /* AddressBook.framework in Frameworks */,
				5CBC38A31AB517CA009EF24F /* libRHAddressBookUniversal.a in Frameworks */,
			);
			runOnlyForDeploymentPostprocessing = 0;
		};
		5CFCF7951AAD203800B63FF2 /* Frameworks */ = {
			isa = PBXFrameworksBuildPhase;
			buildActionMask = 2147483647;
			files = (
			);
			runOnlyForDeploymentPostprocessing = 0;
		};
/* End PBXFrameworksBuildPhase section */

/* Begin PBXGroup section */
		5CBC38921AB517CA009EF24F /* Headers */ = {
			isa = PBXGroup;
			children = (
				5CBC38931AB517CA009EF24F /* AddressBook.h */,
				5CBC38941AB517CA009EF24F /* Private */,
				5CBC389B1AB517CA009EF24F /* RHAddressBook.h */,
				5CBC389C1AB517CA009EF24F /* RHGroup.h */,
				5CBC389D1AB517CA009EF24F /* RHMultiValue.h */,
				5CBC389E1AB517CA009EF24F /* RHPerson.h */,
				5CBC389F1AB517CA009EF24F /* RHPersonLabels.h */,
				5CBC38A01AB517CA009EF24F /* RHRecord.h */,
				5CBC38A11AB517CA009EF24F /* RHSource.h */,
			);
			name = Headers;
			path = lib/RHAddressBook/Headers;
			sourceTree = "<group>";
		};
		5CBC38941AB517CA009EF24F /* Private */ = {
			isa = PBXGroup;
			children = (
				5CBC38951AB517CA009EF24F /* NSThread+RHBlockAdditions.h */,
				5CBC38961AB517CA009EF24F /* RHAddressBook_Private.h */,
				5CBC38971AB517CA009EF24F /* RHAddressBookGeoResult.h */,
				5CBC38981AB517CA009EF24F /* RHAddressBookSharedServices.h */,
				5CBC38991AB517CA009EF24F /* RHAddressBookThreadMain.h */,
				5CBC389A1AB517CA009EF24F /* RHRecord_Private.h */,
			);
			path = Private;
			sourceTree = "<group>";
		};
		5CBC39331AB63A7D009EF24F /* Realm */ = {
			isa = PBXGroup;
			children = (
				5CBC39381AB63C52009EF24F /* RLMSupport.swift */,
				5CBC39341AB63B1B009EF24F /* Realm.framework */,
			);
			name = Realm;
			sourceTree = "<group>";
		};
		5CBC393A1AB63C84009EF24F /* Models */ = {
			isa = PBXGroup;
			children = (
				5CBC393B1AB63DD6009EF24F /* OSTPerson.swift */,
				5CC75F0A1AE2D0F200359B63 /* OSTPhoneNumber.swift */,
			);
			name = Models;
			sourceTree = "<group>";
		};
		5CE4686C1AB67F3D000CAAC5 /* Utility */ = {
			isa = PBXGroup;
			children = (
				5CE4686A1AB67F34000CAAC5 /* OSTPhoneUtility.swift */,
			);
			name = Utility;
			sourceTree = "<group>";
		};
		5CE468731AB6A484000CAAC5 /* Views */ = {
			isa = PBXGroup;
			children = (
				5CE468741AB6A4A8000CAAC5 /* OSTContactCell.swift */,
				5C5EE1021AE438EF006D087B /* OSTResultCell.swift */,
				5C5EE1031AE438EF006D087B /* OSTResultCell.xib */,
			);
			name = Views;
			sourceTree = "<group>";
		};
		5CFCF77A1AAD203800B63FF2 = {
			isa = PBXGroup;
			children = (
				5CBC39361AB63B92009EF24F /* libc++.dylib */,
				5C918C5D1AADE59F006A18FA /* Foundation.framework */,
				5CFCF8261AAD267300B63FF2 /* AddressBook.framework */,
				5CFCF7851AAD203800B63FF2 /* OSTRealmContacts */,
				5CFCF79B1AAD203800B63FF2 /* OSTRealmContactsTests */,
				5CFCF7A81AAD21BD00B63FF2 /* Externals */,
				5CFCF7841AAD203800B63FF2 /* Products */,
			);
			sourceTree = "<group>";
		};
		5CFCF7841AAD203800B63FF2 /* Products */ = {
			isa = PBXGroup;
			children = (
				5CFCF7831AAD203800B63FF2 /* OSTRealmContacts.app */,
				5CFCF7981AAD203800B63FF2 /* OSTRealmContactsTests.xctest */,
			);
			name = Products;
			sourceTree = "<group>";
		};
		5CFCF7851AAD203800B63FF2 /* OSTRealmContacts */ = {
			isa = PBXGroup;
			children = (
				5CE468731AB6A484000CAAC5 /* Views */,
				5CE4686C1AB67F3D000CAAC5 /* Utility */,
				5CBC393A1AB63C84009EF24F /* Models */,
				5CFCF7881AAD203800B63FF2 /* OSTContactsAppDelegate.swift */,
				5C35CA821AE37BD300E73DE3 /* OSTResultsTableController.swift */,
				5CFCF78A1AAD203800B63FF2 /* OSTStartViewController.swift */,
				5CBC39311AB61F4C009EF24F /* OSTContactsViewController.swift */,
				5C918C5B1AAD5129006A18FA /* OSTABManager.swift */,
				5CFCF78C1AAD203800B63FF2 /* Main.storyboard */,
				5CFCF78F1AAD203800B63FF2 /* Images.xcassets */,
				5CFCF7911AAD203800B63FF2 /* LaunchScreen.xib */,
				5CFCF7861AAD203800B63FF2 /* Supporting Files */,
			);
			path = OSTRealmContacts;
			sourceTree = "<group>";
		};
		5CFCF7861AAD203800B63FF2 /* Supporting Files */ = {
			isa = PBXGroup;
			children = (
				5CFCF7871AAD203800B63FF2 /* Info.plist */,
				5CFCF8321AAD497E00B63FF2 /* OSTRealmContacts-Bridging-Header.h */,
			);
			name = "Supporting Files";
			sourceTree = "<group>";
		};
		5CFCF79B1AAD203800B63FF2 /* OSTRealmContactsTests */ = {
			isa = PBXGroup;
			children = (
				5CC899631AE46BC700AB0119 /* OSTPhoneUtilityTests.swift */,
				5CFCF79E1AAD203800B63FF2 /* OSTRealmContactsTests.swift */,
				5CFCF79C1AAD203800B63FF2 /* Supporting Files */,
			);
			path = OSTRealmContactsTests;
			sourceTree = "<group>";
		};
		5CFCF79C1AAD203800B63FF2 /* Supporting Files */ = {
			isa = PBXGroup;
			children = (
				5CFCF79D1AAD203800B63FF2 /* Info.plist */,
			);
			name = "Supporting Files";
			sourceTree = "<group>";
		};
		5CFCF7A81AAD21BD00B63FF2 /* Externals */ = {
			isa = PBXGroup;
			children = (
				5CBC39331AB63A7D009EF24F /* Realm */,
				5CFCF8151AAD23C200B63FF2 /* RHAddressBook */,
			);
			name = Externals;
			sourceTree = "<group>";
		};
		5CFCF8151AAD23C200B63FF2 /* RHAddressBook */ = {
			isa = PBXGroup;
			children = (
				5CBC38921AB517CA009EF24F /* Headers */,
				5CBC38A21AB517CA009EF24F /* libRHAddressBookUniversal.a */,
			);
			name = RHAddressBook;
			sourceTree = "<group>";
		};
/* End PBXGroup section */

/* Begin PBXNativeTarget section */
		5CFCF7821AAD203800B63FF2 /* OSTRealmContacts */ = {
			isa = PBXNativeTarget;
			buildConfigurationList = 5CFCF7A21AAD203800B63FF2 /* Build configuration list for PBXNativeTarget "OSTRealmContacts" */;
			buildPhases = (
				5CFCF77F1AAD203800B63FF2 /* Sources */,
				5CFCF7801AAD203800B63FF2 /* Frameworks */,
				5CFCF7811AAD203800B63FF2 /* Resources */,
			);
			buildRules = (
			);
			dependencies = (
			);
			name = OSTRealmContacts;
			productName = OSTRealmContacts;
			productReference = 5CFCF7831AAD203800B63FF2 /* OSTRealmContacts.app */;
			productType = "com.apple.product-type.application";
		};
		5CFCF7971AAD203800B63FF2 /* OSTRealmContactsTests */ = {
			isa = PBXNativeTarget;
			buildConfigurationList = 5CFCF7A51AAD203800B63FF2 /* Build configuration list for PBXNativeTarget "OSTRealmContactsTests" */;
			buildPhases = (
				5CFCF7941AAD203800B63FF2 /* Sources */,
				5CFCF7951AAD203800B63FF2 /* Frameworks */,
				5CFCF7961AAD203800B63FF2 /* Resources */,
			);
			buildRules = (
			);
			dependencies = (
				5CFCF79A1AAD203800B63FF2 /* PBXTargetDependency */,
			);
			name = OSTRealmContactsTests;
			productName = OSTRealmContactsTests;
			productReference = 5CFCF7981AAD203800B63FF2 /* OSTRealmContactsTests.xctest */;
			productType = "com.apple.product-type.bundle.unit-test";
		};
/* End PBXNativeTarget section */

/* Begin PBXProject section */
		5CFCF77B1AAD203800B63FF2 /* Project object */ = {
			isa = PBXProject;
			attributes = {
				LastUpgradeCheck = 0610;
				ORGANIZATIONNAME = "Robert Otani";
				TargetAttributes = {
					5CFCF7821AAD203800B63FF2 = {
						CreatedOnToolsVersion = 6.1.1;
					};
					5CFCF7971AAD203800B63FF2 = {
						CreatedOnToolsVersion = 6.1.1;
						TestTargetID = 5CFCF7821AAD203800B63FF2;
					};
				};
			};
			buildConfigurationList = 5CFCF77E1AAD203800B63FF2 /* Build configuration list for PBXProject "OSTRealmContacts" */;
			compatibilityVersion = "Xcode 3.2";
			developmentRegion = English;
			hasScannedForEncodings = 0;
			knownRegions = (
				en,
				Base,
			);
			mainGroup = 5CFCF77A1AAD203800B63FF2;
			productRefGroup = 5CFCF7841AAD203800B63FF2 /* Products */;
			projectDirPath = "";
			projectRoot = "";
			targets = (
				5CFCF7821AAD203800B63FF2 /* OSTRealmContacts */,
				5CFCF7971AAD203800B63FF2 /* OSTRealmContactsTests */,
			);
		};
/* End PBXProject section */

/* Begin PBXResourcesBuildPhase section */
		5CFCF7811AAD203800B63FF2 /* Resources */ = {
			isa = PBXResourcesBuildPhase;
			buildActionMask = 2147483647;
			files = (
				5CFCF78E1AAD203800B63FF2 /* Main.storyboard in Resources */,
				5CFCF7931AAD203800B63FF2 /* LaunchScreen.xib in Resources */,
				5CFCF7901AAD203800B63FF2 /* Images.xcassets in Resources */,
				5C5EE1051AE438EF006D087B /* OSTResultCell.xib in Resources */,
			);
			runOnlyForDeploymentPostprocessing = 0;
		};
		5CFCF7961AAD203800B63FF2 /* Resources */ = {
			isa = PBXResourcesBuildPhase;
			buildActionMask = 2147483647;
			files = (
			);
			runOnlyForDeploymentPostprocessing = 0;
		};
/* End PBXResourcesBuildPhase section */

/* Begin PBXSourcesBuildPhase section */
		5CFCF77F1AAD203800B63FF2 /* Sources */ = {
			isa = PBXSourcesBuildPhase;
			buildActionMask = 2147483647;
			files = (
				5CFCF78B1AAD203800B63FF2 /* OSTStartViewController.swift in Sources */,
				5C5EE1041AE438EF006D087B /* OSTResultCell.swift in Sources */,
				5C918C5C1AAD5129006A18FA /* OSTABManager.swift in Sources */,
				5CBC39391AB63C52009EF24F /* RLMSupport.swift in Sources */,
				5CE468751AB6A4A8000CAAC5 /* OSTContactCell.swift in Sources */,
				5CBC393C1AB63DD6009EF24F /* OSTPerson.swift in Sources */,
				5CBC39321AB61F4C009EF24F /* OSTContactsViewController.swift in Sources */,
				5C35CA831AE37BD300E73DE3 /* OSTResultsTableController.swift in Sources */,
				5CE4686B1AB67F34000CAAC5 /* OSTPhoneUtility.swift in Sources */,
				5CFCF7891AAD203800B63FF2 /* OSTContactsAppDelegate.swift in Sources */,
				5CC75F0B1AE2D0F200359B63 /* OSTPhoneNumber.swift in Sources */,
			);
			runOnlyForDeploymentPostprocessing = 0;
		};
		5CFCF7941AAD203800B63FF2 /* Sources */ = {
			isa = PBXSourcesBuildPhase;
			buildActionMask = 2147483647;
			files = (
				5CC899641AE46BC700AB0119 /* OSTPhoneUtilityTests.swift in Sources */,
				5CC899651AE46C4800AB0119 /* OSTPhoneUtility.swift in Sources */,
				5CFCF79F1AAD203800B63FF2 /* OSTRealmContactsTests.swift in Sources */,
			);
			runOnlyForDeploymentPostprocessing = 0;
		};
/* End PBXSourcesBuildPhase section */

/* Begin PBXTargetDependency section */
		5CFCF79A1AAD203800B63FF2 /* PBXTargetDependency */ = {
			isa = PBXTargetDependency;
			target = 5CFCF7821AAD203800B63FF2 /* OSTRealmContacts */;
			targetProxy = 5CFCF7991AAD203800B63FF2 /* PBXContainerItemProxy */;
		};
/* End PBXTargetDependency section */

/* Begin PBXVariantGroup section */
		5CFCF78C1AAD203800B63FF2 /* Main.storyboard */ = {
			isa = PBXVariantGroup;
			children = (
				5CFCF78D1AAD203800B63FF2 /* Base */,
			);
			name = Main.storyboard;
			sourceTree = "<group>";
		};
		5CFCF7911AAD203800B63FF2 /* LaunchScreen.xib */ = {
			isa = PBXVariantGroup;
			children = (
				5CFCF7921AAD203800B63FF2 /* Base */,
			);
			name = LaunchScreen.xib;
			sourceTree = "<group>";
		};
/* End PBXVariantGroup section */

/* Begin XCBuildConfiguration section */
		5CFCF7A01AAD203800B63FF2 /* Debug */ = {
			isa = XCBuildConfiguration;
			buildSettings = {
				ALWAYS_SEARCH_USER_PATHS = NO;
				CLANG_CXX_LANGUAGE_STANDARD = "gnu++0x";
				CLANG_CXX_LIBRARY = "libc++";
				CLANG_ENABLE_MODULES = YES;
				CLANG_ENABLE_OBJC_ARC = YES;
				CLANG_WARN_BOOL_CONVERSION = YES;
				CLANG_WARN_CONSTANT_CONVERSION = YES;
				CLANG_WARN_DIRECT_OBJC_ISA_USAGE = YES_ERROR;
				CLANG_WARN_EMPTY_BODY = YES;
				CLANG_WARN_ENUM_CONVERSION = YES;
				CLANG_WARN_INT_CONVERSION = YES;
				CLANG_WARN_OBJC_ROOT_CLASS = YES_ERROR;
				CLANG_WARN_UNREACHABLE_CODE = YES;
				CLANG_WARN__DUPLICATE_METHOD_MATCH = YES;
				"CODE_SIGN_IDENTITY[sdk=iphoneos*]" = "iPhone Developer";
				COPY_PHASE_STRIP = NO;
				ENABLE_STRICT_OBJC_MSGSEND = YES;
				GCC_C_LANGUAGE_STANDARD = gnu99;
				GCC_DYNAMIC_NO_PIC = NO;
				GCC_OPTIMIZATION_LEVEL = 0;
				GCC_PREPROCESSOR_DEFINITIONS = (
					"DEBUG=1",
					"$(inherited)",
				);
				GCC_SYMBOLS_PRIVATE_EXTERN = NO;
				GCC_WARN_64_TO_32_BIT_CONVERSION = YES;
				GCC_WARN_ABOUT_RETURN_TYPE = YES_ERROR;
				GCC_WARN_UNDECLARED_SELECTOR = YES;
				GCC_WARN_UNINITIALIZED_AUTOS = YES_AGGRESSIVE;
				GCC_WARN_UNUSED_FUNCTION = YES;
				GCC_WARN_UNUSED_VARIABLE = YES;
				IPHONEOS_DEPLOYMENT_TARGET = 8.1;
				MTL_ENABLE_DEBUG_INFO = YES;
				ONLY_ACTIVE_ARCH = YES;
				SDKROOT = iphoneos;
				SWIFT_OPTIMIZATION_LEVEL = "-Onone";
				TARGETED_DEVICE_FAMILY = "1,2";
			};
			name = Debug;
		};
		5CFCF7A11AAD203800B63FF2 /* Release */ = {
			isa = XCBuildConfiguration;
			buildSettings = {
				ALWAYS_SEARCH_USER_PATHS = NO;
				CLANG_CXX_LANGUAGE_STANDARD = "gnu++0x";
				CLANG_CXX_LIBRARY = "libc++";
				CLANG_ENABLE_MODULES = YES;
				CLANG_ENABLE_OBJC_ARC = YES;
				CLANG_WARN_BOOL_CONVERSION = YES;
				CLANG_WARN_CONSTANT_CONVERSION = YES;
				CLANG_WARN_DIRECT_OBJC_ISA_USAGE = YES_ERROR;
				CLANG_WARN_EMPTY_BODY = YES;
				CLANG_WARN_ENUM_CONVERSION = YES;
				CLANG_WARN_INT_CONVERSION = YES;
				CLANG_WARN_OBJC_ROOT_CLASS = YES_ERROR;
				CLANG_WARN_UNREACHABLE_CODE = YES;
				CLANG_WARN__DUPLICATE_METHOD_MATCH = YES;
				"CODE_SIGN_IDENTITY[sdk=iphoneos*]" = "iPhone Developer";
				COPY_PHASE_STRIP = YES;
				ENABLE_NS_ASSERTIONS = NO;
				ENABLE_STRICT_OBJC_MSGSEND = YES;
				GCC_C_LANGUAGE_STANDARD = gnu99;
				GCC_WARN_64_TO_32_BIT_CONVERSION = YES;
				GCC_WARN_ABOUT_RETURN_TYPE = YES_ERROR;
				GCC_WARN_UNDECLARED_SELECTOR = YES;
				GCC_WARN_UNINITIALIZED_AUTOS = YES_AGGRESSIVE;
				GCC_WARN_UNUSED_FUNCTION = YES;
				GCC_WARN_UNUSED_VARIABLE = YES;
				IPHONEOS_DEPLOYMENT_TARGET = 8.1;
				MTL_ENABLE_DEBUG_INFO = NO;
				SDKROOT = iphoneos;
				TARGETED_DEVICE_FAMILY = "1,2";
				VALIDATE_PRODUCT = YES;
			};
			name = Release;
		};
		5CFCF7A31AAD203800B63FF2 /* Debug */ = {
			isa = XCBuildConfiguration;
			buildSettings = {
				ASSETCATALOG_COMPILER_APPICON_NAME = AppIcon;
				CODE_SIGN_IDENTITY = "iPhone Developer";
				FRAMEWORK_SEARCH_PATHS = (
					"$(inherited)",
					"$(PROJECT_DIR)/Externals/Realm",
				);
				HEADER_SEARCH_PATHS = (
					"$(inherited)",
					/Applications/Xcode.app/Contents/Developer/Toolchains/XcodeDefault.xctoolchain/usr/include,
					"$(PROJECT_DIR)/lib/RHAddressBook/Headers",
				);
				INFOPLIST_FILE = OSTRealmContacts/Info.plist;
				LD_RUNPATH_SEARCH_PATHS = "$(inherited) @executable_path/Frameworks";
				LIBRARY_SEARCH_PATHS = (
					"$(inherited)",
					"$(PROJECT_DIR)/lib/RHAddressBook",
				);
				OTHER_LDFLAGS = (
					"-ObjC",
					"-all_load",
				);
				PRODUCT_NAME = "$(TARGET_NAME)";
				SWIFT_OBJC_BRIDGING_HEADER = "OSTRealmContacts/OSTRealmContacts-Bridging-Header.h";
			};
			name = Debug;
		};
		5CFCF7A41AAD203800B63FF2 /* Release */ = {
			isa = XCBuildConfiguration;
			buildSettings = {
				ASSETCATALOG_COMPILER_APPICON_NAME = AppIcon;
				CODE_SIGN_IDENTITY = "iPhone Developer";
				FRAMEWORK_SEARCH_PATHS = (
					"$(inherited)",
					"$(PROJECT_DIR)/Externals/Realm",
				);
				HEADER_SEARCH_PATHS = (
					"$(inherited)",
					/Applications/Xcode.app/Contents/Developer/Toolchains/XcodeDefault.xctoolchain/usr/include,
					"$(PROJECT_DIR)/lib/RHAddressBook/Headers",
				);
				INFOPLIST_FILE = OSTRealmContacts/Info.plist;
				LD_RUNPATH_SEARCH_PATHS = "$(inherited) @executable_path/Frameworks";
				LIBRARY_SEARCH_PATHS = (
					"$(inherited)",
					"$(PROJECT_DIR)/lib/RHAddressBook",
				);
				OTHER_LDFLAGS = (
					"-ObjC",
					"-all_load",
				);
				PRODUCT_NAME = "$(TARGET_NAME)";
				SWIFT_OBJC_BRIDGING_HEADER = "OSTRealmContacts/OSTRealmContacts-Bridging-Header.h";
			};
			name = Release;
		};
		5CFCF7A61AAD203800B63FF2 /* Debug */ = {
			isa = XCBuildConfiguration;
			buildSettings = {
				BUNDLE_LOADER = "$(TEST_HOST)";
				FRAMEWORK_SEARCH_PATHS = (
					"$(SDKROOT)/Developer/Library/Frameworks",
					"$(inherited)",
				);
				GCC_PREPROCESSOR_DEFINITIONS = (
					"DEBUG=1",
					"$(inherited)",
				);
				INFOPLIST_FILE = OSTRealmContactsTests/Info.plist;
				LD_RUNPATH_SEARCH_PATHS = "$(inherited) @executable_path/Frameworks @loader_path/Frameworks";
				PRODUCT_NAME = "$(TARGET_NAME)";
				TEST_HOST = "$(BUILT_PRODUCTS_DIR)/OSTRealmContacts.app/OSTRealmContacts";
			};
			name = Debug;
		};
		5CFCF7A71AAD203800B63FF2 /* Release */ = {
			isa = XCBuildConfiguration;
			buildSettings = {
				BUNDLE_LOADER = "$(TEST_HOST)";
				FRAMEWORK_SEARCH_PATHS = (
					"$(SDKROOT)/Developer/Library/Frameworks",
					"$(inherited)",
				);
				INFOPLIST_FILE = OSTRealmContactsTests/Info.plist;
				LD_RUNPATH_SEARCH_PATHS = "$(inherited) @executable_path/Frameworks @loader_path/Frameworks";
				PRODUCT_NAME = "$(TARGET_NAME)";
				TEST_HOST = "$(BUILT_PRODUCTS_DIR)/OSTRealmContacts.app/OSTRealmContacts";
			};
			name = Release;
		};
/* End XCBuildConfiguration section */

/* Begin XCConfigurationList section */
		5CFCF77E1AAD203800B63FF2 /* Build configuration list for PBXProject "OSTRealmContacts" */ = {
			isa = XCConfigurationList;
			buildConfigurations = (
				5CFCF7A01AAD203800B63FF2 /* Debug */,
				5CFCF7A11AAD203800B63FF2 /* Release */,
			);
			defaultConfigurationIsVisible = 0;
			defaultConfigurationName = Release;
		};
		5CFCF7A21AAD203800B63FF2 /* Build configuration list for PBXNativeTarget "OSTRealmContacts" */ = {
			isa = XCConfigurationList;
			buildConfigurations = (
				5CFCF7A31AAD203800B63FF2 /* Debug */,
				5CFCF7A41AAD203800B63FF2 /* Release */,
			);
			defaultConfigurationIsVisible = 0;
			defaultConfigurationName = Release;
		};
		5CFCF7A51AAD203800B63FF2 /* Build configuration list for PBXNativeTarget "OSTRealmContactsTests" */ = {
			isa = XCConfigurationList;
			buildConfigurations = (
				5CFCF7A61AAD203800B63FF2 /* Debug */,
				5CFCF7A71AAD203800B63FF2 /* Release */,
			);
			defaultConfigurationIsVisible = 0;
			defaultConfigurationName = Release;
		};
/* End XCConfigurationList section */
	};
	rootObject = 5CFCF77B1AAD203800B63FF2 /* Project object */;
}
